
Microsoft Visual Studio Solution File, Format Version 12.00
# Visual Studio 14
VisualStudioVersion = 14.0.24720.0
MinimumVisualStudioVersion = 10.0.40219.1
Project("{FAE04EC0-301F-11D3-BF4B-00C04F79EFBC}") = "GraphDataRepository", "GraphDataRepository.csproj", "{2F19D730-3334-4769-9685-E6BC2F49E099}"
EndProject
Project("{FAE04EC0-301F-11D3-BF4B-00C04F79EFBC}") = "Common", "..\Common\Common.csproj", "{B2AD8D50-DAD2-410C-8061-6B9DB6B97543}"
EndProject
Global
	GlobalSection(SolutionConfigurationPlatforms) = preSolution
		Debug|Any CPU = Debug|Any CPU
		Release|Any CPU = Release|Any CPU
	EndGlobalSection
	GlobalSection(ProjectConfigurationPlatforms) = postSolution
		{2F19D730-3334-4769-9685-E6BC2F49E099}.Debug|Any CPU.ActiveCfg = Debug|Any CPU
		{2F19D730-3334-4769-9685-E6BC2F49E099}.Debug|Any CPU.Build.0 = Debug|Any CPU
		{2F19D730-3334-4769-9685-E6BC2F49E099}.Release|Any CPU.ActiveCfg = Release|Any CPU
		{2F19D730-3334-4769-9685-E6BC2F49E099}.Release|Any CPU.Build.0 = Release|Any CPU
		{B2AD8D50-DAD2-410C-8061-6B9DB6B97543}.Debug|Any CPU.ActiveCfg = Debug|Any CPU
		{B2AD8D50-DAD2-410C-8061-6B9DB6B97543}.Debug|Any CPU.Build.0 = Debug|Any CPU
		{B2AD8D50-DAD2-410C-8061-6B9DB6B97543}.Release|Any CPU.ActiveCfg = Release|Any CPU
		{B2AD8D50-DAD2-410C-8061-6B9DB6B97543}.Release|Any CPU.Build.0 = Release|Any CPU
	EndGlobalSection
	GlobalSection(SolutionProperties) = preSolution
		HideSolutionNode = FALSE
	EndGlobalSection
EndGlobal
